
Microsoft Visual Studio Solution File, Format Version 12.00
# Visual Studio Version 16
VisualStudioVersion = 16.0.31729.503
MinimumVisualStudioVersion = 10.0.40219.1
Project("{FAE04EC0-301F-11D3-BF4B-00C04F79EFBC}") = "Lists", "Lists\Lists.csproj", "{1AB708C6-7B2D-4B9E-97D0-EA865B4D8317}"
EndProject
Global
	GlobalSection(SolutionConfigurationPlatforms) = preSolution
		Debug|Any CPU = Debug|Any CPU
		Release|Any CPU = Release|Any CPU
	EndGlobalSection
	GlobalSection(ProjectConfigurationPlatforms) = postSolution
		{1AB708C6-7B2D-4B9E-97D0-EA865B4D8317}.Debug|Any CPU.ActiveCfg = Debug|Any CPU
		{1AB708C6-7B2D-4B9E-97D0-EA865B4D8317}.Debug|Any CPU.Build.0 = Debug|Any CPU
		{1AB708C6-7B2D-4B9E-97D0-EA865B4D8317}.Release|Any CPU.ActiveCfg = Release|Any CPU
		{1AB708C6-7B2D-4B9E-97D0-EA865B4D8317}.Release|Any CPU.Build.0 = Release|Any CPU
	EndGlobalSection
	GlobalSection(SolutionProperties) = preSolution
		HideSolutionNode = FALSE
	EndGlobalSection
	GlobalSection(ExtensibilityGlobals) = postSolution
		SolutionGuid = {90AA0CCE-3255-4653-8153-5868A3A8F581}
	EndGlobalSection
EndGlobal
